
Microsoft Visual Studio Solution File, Format Version 12.00
# Visual Studio Version 17
VisualStudioVersion = 17.14.36109.1 d17.14
MinimumVisualStudioVersion = 10.0.40219.1
Project("{FAE04EC0-301F-11D3-BF4B-00C04F79EFBC}") = "EX1", "EX1\EX1.csproj", "{6BAEF0CA-6E7A-467E-A4F3-D228F745CD3B}"
EndProject
Project("{FAE04EC0-301F-11D3-BF4B-00C04F79EFBC}") = "EX2", "EX2\EX2.csproj", "{749D33D6-C103-4B44-BB92-95B1A5E39C49}"
EndProject
Global
	GlobalSection(SolutionConfigurationPlatforms) = preSolution
		Debug|Any CPU = Debug|Any CPU
		Release|Any CPU = Release|Any CPU
	EndGlobalSection
	GlobalSection(ProjectConfigurationPlatforms) = postSolution
		{6BAEF0CA-6E7A-467E-A4F3-D228F745CD3B}.Debug|Any CPU.ActiveCfg = Debug|Any CPU
		{6BAEF0CA-6E7A-467E-A4F3-D228F745CD3B}.Debug|Any CPU.Build.0 = Debug|Any CPU
		{6BAEF0CA-6E7A-467E-A4F3-D228F745CD3B}.Release|Any CPU.ActiveCfg = Release|Any CPU
		{6BAEF0CA-6E7A-467E-A4F3-D228F745CD3B}.Release|Any CPU.Build.0 = Release|Any CPU
		{749D33D6-C103-4B44-BB92-95B1A5E39C49}.Debug|Any CPU.ActiveCfg = Debug|Any CPU
		{749D33D6-C103-4B44-BB92-95B1A5E39C49}.Debug|Any CPU.Build.0 = Debug|Any CPU
		{749D33D6-C103-4B44-BB92-95B1A5E39C49}.Release|Any CPU.ActiveCfg = Release|Any CPU
		{749D33D6-C103-4B44-BB92-95B1A5E39C49}.Release|Any CPU.Build.0 = Release|Any CPU
	EndGlobalSection
	GlobalSection(SolutionProperties) = preSolution
		HideSolutionNode = FALSE
	EndGlobalSection
	GlobalSection(ExtensibilityGlobals) = postSolution
		SolutionGuid = {8F5025F3-93E4-467A-93CF-985F33C3988A}
	EndGlobalSection
EndGlobal
