
Microsoft Visual Studio Solution File, Format Version 12.00
# Visual Studio Version 17
VisualStudioVersion = 17.14.36301.6
MinimumVisualStudioVersion = 10.0.40219.1
Project("{FAE04EC0-301F-11D3-BF4B-00C04F79EFBC}") = "EX1", "EX1\EX1.csproj", "{8C744C9D-C2EC-4CB1-AF0E-756CAAC9ADEA}"
EndProject
Project("{FAE04EC0-301F-11D3-BF4B-00C04F79EFBC}") = "EX2", "EX2\EX2.csproj", "{16AF490F-F4AE-486B-8CCD-03A22C4F3AD2}"
EndProject
Global
	GlobalSection(SolutionConfigurationPlatforms) = preSolution
		Debug|Any CPU = Debug|Any CPU
		Release|Any CPU = Release|Any CPU
	EndGlobalSection
	GlobalSection(ProjectConfigurationPlatforms) = postSolution
		{8C744C9D-C2EC-4CB1-AF0E-756CAAC9ADEA}.Debug|Any CPU.ActiveCfg = Debug|Any CPU
		{8C744C9D-C2EC-4CB1-AF0E-756CAAC9ADEA}.Debug|Any CPU.Build.0 = Debug|Any CPU
		{8C744C9D-C2EC-4CB1-AF0E-756CAAC9ADEA}.Release|Any CPU.ActiveCfg = Release|Any CPU
		{8C744C9D-C2EC-4CB1-AF0E-756CAAC9ADEA}.Release|Any CPU.Build.0 = Release|Any CPU
		{16AF490F-F4AE-486B-8CCD-03A22C4F3AD2}.Debug|Any CPU.ActiveCfg = Debug|Any CPU
		{16AF490F-F4AE-486B-8CCD-03A22C4F3AD2}.Debug|Any CPU.Build.0 = Debug|Any CPU
		{16AF490F-F4AE-486B-8CCD-03A22C4F3AD2}.Release|Any CPU.ActiveCfg = Release|Any CPU
		{16AF490F-F4AE-486B-8CCD-03A22C4F3AD2}.Release|Any CPU.Build.0 = Release|Any CPU
	EndGlobalSection
	GlobalSection(SolutionProperties) = preSolution
		HideSolutionNode = FALSE
	EndGlobalSection
	GlobalSection(ExtensibilityGlobals) = postSolution
		SolutionGuid = {EF1E86C3-1206-4470-8424-D41C70EF45B9}
	EndGlobalSection
EndGlobal
