
Microsoft Visual Studio Solution File, Format Version 12.00
# Visual Studio Version 17
VisualStudioVersion = 17.14.36301.6 d17.14
MinimumVisualStudioVersion = 10.0.40219.1
Project("{FAE04EC0-301F-11D3-BF4B-00C04F79EFBC}") = "EX1", "EX1\EX1.csproj", "{07C5254A-C470-4DE9-8A94-55A8F9CF8124}"
EndProject
Global
	GlobalSection(SolutionConfigurationPlatforms) = preSolution
		Debug|Any CPU = Debug|Any CPU
		Release|Any CPU = Release|Any CPU
	EndGlobalSection
	GlobalSection(ProjectConfigurationPlatforms) = postSolution
		{07C5254A-C470-4DE9-8A94-55A8F9CF8124}.Debug|Any CPU.ActiveCfg = Debug|Any CPU
		{07C5254A-C470-4DE9-8A94-55A8F9CF8124}.Debug|Any CPU.Build.0 = Debug|Any CPU
		{07C5254A-C470-4DE9-8A94-55A8F9CF8124}.Release|Any CPU.ActiveCfg = Release|Any CPU
		{07C5254A-C470-4DE9-8A94-55A8F9CF8124}.Release|Any CPU.Build.0 = Release|Any CPU
	EndGlobalSection
	GlobalSection(SolutionProperties) = preSolution
		HideSolutionNode = FALSE
	EndGlobalSection
	GlobalSection(ExtensibilityGlobals) = postSolution
		SolutionGuid = {6443A570-1460-4875-BCDF-56AB88589D21}
	EndGlobalSection
EndGlobal
